<?xml version="1.0" encoding="utf-8"?>
<Project ToolsVersion="4.0" xmlns="http://schemas.microsoft.com/developer/msbuild/2003">
  <ItemGroup>
    <Filter Include="Source Files">
      <UniqueIdentifier>{4FC737F1-C7A5-4376-A066-2A32D752A2FF}</UniqueIdentifier>
      <Extensions>cpp;c;cc;cxx;c++;cppm;ixx;def;odl;idl;hpj;bat;asm;asmx</Extensions>
    </Filter>
    <Filter Include="Header Files">
      <UniqueIdentifier>{93995380-89BD-4b04-88EB-625FBE52EBFB}</UniqueIdentifier>
      <Extensions>h;hh;hpp;hxx;hm;inl;inc;ipp;xsd</Extensions>
    </Filter>
    <Filter Include="Resource Files">
      <UniqueIdentifier>{67DA6AB6-F800-4c08-8B7A-83BB121AAD01}</UniqueIdentifier>
      <Extensions>rc;ico;cur;bmp;dlg;rc2;rct;bin;rgs;gif;jpg;jpeg;jpe;resx;tiff;tif;png;wav;mfcribbon-ms</Extensions>
    </Filter>
  </ItemGroup>
  <ItemGroup>
    <ClCompile Include="pch.cpp">
      <Filter>Source Files</Filter>
    </ClCompile>
    <ClCompile Include="DiskForge.cpp">
      <Filter>Source Files</Filter>
    </ClCompile>
    <ClCompile Include="DiskForgeDlg.cpp">
      <Filter>Source Files</Filter>
    </ClCompile>
    <ClCompile Include="DiskManager.cpp">
      <Filter>Source Files</Filter>
    </ClCompile>
    <ClCompile Include="HexView.cpp">
      <Filter>Source Files</Filter>
    </ClCompile>
    <ClCompile Include="SidebarButton.cpp">
      <Filter>Source Files</Filter>
    </ClCompile>
    <ClCompile Include="PartitionParser.cpp">
      <Filter>Source Files</Filter>
    </ClCompile>
    <ClCompile Include="PartitionDialog.cpp">
      <Filter>Source Files</Filter>
    </ClCompile>
    <ClCompile Include="SystemDiskGuard.cpp">
      <Filter>Source Files</Filter>
    </ClCompile>
    <ClCompile Include="VolumeLockHelper.cpp">
      <Filter>Source Files</Filter>
    </ClCompile>
    <ClCompile Include="DiskCopyEngine.cpp">
      <Filter>Source Files</Filter>
    </ClCompile>
    <ClCompile Include="ConfirmTextDialog.cpp">
      <Filter>Source Files</Filter>
    </ClCompile>
    <ClCompile Include="DiskCopyDialog.cpp">
      <Filter>Source Files</Filter>
    </ClCompile>
    <ClCompile Include="BadSectorScanner.cpp">
      <Filter>Source Files</Filter>
    </ClCompile>
    <ClCompile Include="ScanMapView.cpp">
      <Filter>Source Files</Filter>
    </ClCompile>
    <ClCompile Include="BadSectorScanDialog.cpp">
      <Filter>Source Files</Filter>
    </ClCompile>
    <ClCompile Include="SmartDataReader.cpp">
      <Filter>Source Files</Filter>
    </ClCompile>
    <ClCompile Include="SmartHealthDialog.cpp">
      <Filter>Source Files</Filter>
    </ClCompile>
    <ClCompile Include="MbrGptConverter.cpp">
      <Filter>Source Files</Filter>
    </ClCompile>
    <ClCompile Include="MbrGptConvertDialog.cpp">
      <Filter>Source Files</Filter>
    </ClCompile>
    <ClCompile Include="PartitionEditor.cpp">
      <Filter>Source Files</Filter>
    </ClCompile>
    <ClCompile Include="PartitionEditDialog.cpp">
      <Filter>Source Files</Filter>
    </ClCompile>
    <ClCompile Include="ExtendPartitionDialog.cpp">
      <Filter>Source Files</Filter>
    </ClCompile>
    <ClCompile Include="WipeEngine.cpp">
      <Filter>Source Files</Filter>
    </ClCompile>
    <ClCompile Include="WipeDiskDialog.cpp">
      <Filter>Source Files</Filter>
    </ClCompile>
    <ClCompile Include="SectorRepairer.cpp">
      <Filter>Source Files</Filter>
    </ClCompile>
    <ClCompile Include="EfiBootManager.cpp">
      <Filter>Source Files</Filter>
    </ClCompile>
    <ClCompile Include="EfiBootDialog.cpp">
      <Filter>Source Files</Filter>
    </ClCompile>
    <ClCompile Include="LostPartitionScanner.cpp">
      <Filter>Source Files</Filter>
    </ClCompile>
    <ClCompile Include="LostPartitionDialog.cpp">
      <Filter>Source Files</Filter>
    </ClCompile>
    <ClCompile Include="Fat32Reader.cpp">
      <Filter>Source Files</Filter>
    </ClCompile>
    <ClCompile Include="FileRecoveryDialog.cpp">
      <Filter>Source Files</Filter>
    </ClCompile>
    <ClCompile Include="FileUnlocker.cpp">
      <Filter>Source Files</Filter>
    </ClCompile>
    <ClCompile Include="FileUnlockerDialog.cpp">
      <Filter>Source Files</Filter>
    </ClCompile>
    <ClCompile Include="StartupManagerDialog.cpp">
      <Filter>Source Files</Filter>
    </ClCompile>
    <ClCompile Include="RegistryScanner.cpp">
      <Filter>Source Files</Filter>
    </ClCompile>
    <ClCompile Include="RegistryScannerDialog.cpp">
      <Filter>Source Files</Filter>
    </ClCompile>
  </ItemGroup>
  <ItemGroup>
    <ClInclude Include="pch.h">
      <Filter>Header Files</Filter>
    </ClInclude>
    <ClInclude Include="DiskForge.h">
      <Filter>Header Files</Filter>
    </ClInclude>
    <ClInclude Include="DiskForgeDlg.h">
      <Filter>Header Files</Filter>
    </ClInclude>
    <ClInclude Include="DiskManager.h">
      <Filter>Header Files</Filter>
    </ClInclude>
    <ClInclude Include="HexView.h">
      <Filter>Header Files</Filter>
    </ClInclude>
    <ClInclude Include="SidebarButton.h">
      <Filter>Header Files</Filter>
    </ClInclude>
    <ClInclude Include="PartitionParser.h">
      <Filter>Header Files</Filter>
    </ClInclude>
    <ClInclude Include="PartitionDialog.h">
      <Filter>Header Files</Filter>
    </ClInclude>
    <ClInclude Include="SystemDiskGuard.h">
      <Filter>Header Files</Filter>
    </ClInclude>
    <ClInclude Include="VolumeLockHelper.h">
      <Filter>Header Files</Filter>
    </ClInclude>
    <ClInclude Include="DiskCopyEngine.h">
      <Filter>Header Files</Filter>
    </ClInclude>
    <ClInclude Include="ConfirmTextDialog.h">
      <Filter>Header Files</Filter>
    </ClInclude>
    <ClInclude Include="DiskCopyDialog.h">
      <Filter>Header Files</Filter>
    </ClInclude>
    <ClInclude Include="BadSectorScanner.h">
      <Filter>Header Files</Filter>
    </ClInclude>
    <ClInclude Include="ScanMapView.h">
      <Filter>Header Files</Filter>
    </ClInclude>
    <ClInclude Include="BadSectorScanDialog.h">
      <Filter>Header Files</Filter>
    </ClInclude>
    <ClInclude Include="SmartDataReader.h">
      <Filter>Header Files</Filter>
    </ClInclude>
    <ClInclude Include="SmartHealthDialog.h">
      <Filter>Header Files</Filter>
    </ClInclude>
    <ClInclude Include="MbrGptConverter.h">
      <Filter>Header Files</Filter>
    </ClInclude>
    <ClInclude Include="MbrGptConvertDialog.h">
      <Filter>Header Files</Filter>
    </ClInclude>
    <ClInclude Include="PartitionEditor.h">
      <Filter>Header Files</Filter>
    </ClInclude>
    <ClInclude Include="PartitionEditDialog.h">
      <Filter>Header Files</Filter>
    </ClInclude>
    <ClInclude Include="ExtendPartitionDialog.h">
      <Filter>Header Files</Filter>
    </ClInclude>
    <ClInclude Include="WipeEngine.h">
      <Filter>Header Files</Filter>
    </ClInclude>
    <ClInclude Include="WipeDiskDialog.h">
      <Filter>Header Files</Filter>
    </ClInclude>
    <ClInclude Include="SectorRepairer.h">
      <Filter>Header Files</Filter>
    </ClInclude>
    <ClInclude Include="EfiBootManager.h">
      <Filter>Header Files</Filter>
    </ClInclude>
    <ClInclude Include="EfiBootDialog.h">
      <Filter>Header Files</Filter>
    </ClInclude>
    <ClInclude Include="LostPartitionScanner.h">
      <Filter>Header Files</Filter>
    </ClInclude>
    <ClInclude Include="LostPartitionDialog.h">
      <Filter>Header Files</Filter>
    </ClInclude>
    <ClInclude Include="Fat32Reader.h">
      <Filter>Header Files</Filter>
    </ClInclude>
    <ClInclude Include="FileRecoveryDialog.h">
      <Filter>Header Files</Filter>
    </ClInclude>
    <ClInclude Include="FileUnlocker.h">
      <Filter>Header Files</Filter>
    </ClInclude>
    <ClInclude Include="FileUnlockerDialog.h">
      <Filter>Header Files</Filter>
    </ClInclude>
    <ClInclude Include="StartupManagerDialog.h">
      <Filter>Header Files</Filter>
    </ClInclude>
    <ClInclude Include="RegistryScanner.h">
      <Filter>Header Files</Filter>
    </ClInclude>
    <ClInclude Include="RegistryScannerDialog.h">
      <Filter>Header Files</Filter>
    </ClInclude>
    <ClInclude Include="resource.h">
      <Filter>Header Files</Filter>
    </ClInclude>
  </ItemGroup>
  <ItemGroup>
    <ResourceCompile Include="DiskForge.rc">
      <Filter>Resource Files</Filter>
    </ResourceCompile>
  </ItemGroup>
  <ItemGroup>
    <None Include="DiskForge.manifest">
      <Filter>Resource Files</Filter>
    </None>
  </ItemGroup>
</Project>
